
Microsoft Visual Studio Solution File, Format Version 12.00
# Visual Studio 15
VisualStudioVersion = 15.0.27703.2042
MinimumVisualStudioVersion = 10.0.40219.1
Project("{FAE04EC0-301F-11D3-BF4B-00C04F79EFBC}") = "WarehouseManagement", "WarehouseManagement\WarehouseManagement.csproj", "{00BE1ACF-63FA-4CF1-9284-BA90C1079656}"
EndProject
Global
	GlobalSection(SolutionConfigurationPlatforms) = preSolution
		Debug|Any CPU = Debug|Any CPU
		Release|Any CPU = Release|Any CPU
	EndGlobalSection
	GlobalSection(ProjectConfigurationPlatforms) = postSolution
		{00BE1ACF-63FA-4CF1-9284-BA90C1079656}.Debug|Any CPU.ActiveCfg = Debug|Any CPU
		{00BE1ACF-63FA-4CF1-9284-BA90C1079656}.Debug|Any CPU.Build.0 = Debug|Any CPU
		{00BE1ACF-63FA-4CF1-9284-BA90C1079656}.Release|Any CPU.ActiveCfg = Release|Any CPU
		{00BE1ACF-63FA-4CF1-9284-BA90C1079656}.Release|Any CPU.Build.0 = Release|Any CPU
	EndGlobalSection
	GlobalSection(SolutionProperties) = preSolution
		HideSolutionNode = FALSE
	EndGlobalSection
	GlobalSection(ExtensibilityGlobals) = postSolution
		SolutionGuid = {5D61C6DD-420E-4D37-A237-48B59904755A}
	EndGlobalSection
EndGlobal
